
Microsoft Visual Studio Solution File, Format Version 12.00
# Visual Studio Version 16
VisualStudioVersion = 16.0.30104.148
MinimumVisualStudioVersion = 10.0.40219.1
Project("{9092AA53-FB77-4645-B42D-1CCCA6BD08BD}") = "testA", "testA.njsproj", "{3F483FF6-20F9-44F6-B638-F90ADA5BB6BA}"
EndProject
Global
	GlobalSection(SolutionConfigurationPlatforms) = preSolution
		Debug|Any CPU = Debug|Any CPU
		Release|Any CPU = Release|Any CPU
	EndGlobalSection
	GlobalSection(ProjectConfigurationPlatforms) = postSolution
		{3F483FF6-20F9-44F6-B638-F90ADA5BB6BA}.Debug|Any CPU.ActiveCfg = Debug|Any CPU
		{3F483FF6-20F9-44F6-B638-F90ADA5BB6BA}.Debug|Any CPU.Build.0 = Debug|Any CPU
		{3F483FF6-20F9-44F6-B638-F90ADA5BB6BA}.Release|Any CPU.ActiveCfg = Release|Any CPU
		{3F483FF6-20F9-44F6-B638-F90ADA5BB6BA}.Release|Any CPU.Build.0 = Release|Any CPU
	EndGlobalSection
	GlobalSection(SolutionProperties) = preSolution
		HideSolutionNode = FALSE
	EndGlobalSection
	GlobalSection(ExtensibilityGlobals) = postSolution
		SolutionGuid = {FCEE313B-A903-4F45-B169-542698E7DC31}
	EndGlobalSection
EndGlobal
